// !$*UTF8*$!
{
	archiveVersion = 1;
	classes = {
	};
	objectVersion = 55;
	objects = {

/* Begin PBXBuildFile section */
		0D46C3B797D9C9A65F5B67D7 /* Pods_GolfMatching_GolfMatchingUITests.framework in Frameworks */ = {isa = PBXBuildFile; fileRef = 96F0070EAA40CF71B9F2EE65 /* Pods_GolfMatching_GolfMatchingUITests.framework */; };
		4CEFDB71D9AEF847BA009CD3 /* Pods_GolfMatching.framework in Frameworks */ = {isa = PBXBuildFile; fileRef = 7F94BF60D1C05477FB2CE30A /* Pods_GolfMatching.framework */; };
		A37A3E3627300D050075EDF5 /* UserData.swift in Sources */ = {isa = PBXBuildFile; fileRef = A37A3E3527300D050075EDF5 /* UserData.swift */; };
		A37A3E3827313A130075EDF5 /* Const.swift in Sources */ = {isa = PBXBuildFile; fileRef = A37A3E3727313A130075EDF5 /* Const.swift */; };
		A37A3E3A2732A49C0075EDF5 /* UserCollectionViewCell.swift in Sources */ = {isa = PBXBuildFile; fileRef = A37A3E392732A49C0075EDF5 /* UserCollectionViewCell.swift */; };
		A380C41227216ED8008E5BC4 /* AppDelegate.swift in Sources */ = {isa = PBXBuildFile; fileRef = A380C41127216ED8008E5BC4 /* AppDelegate.swift */; };
		A380C41427216ED8008E5BC4 /* SceneDelegate.swift in Sources */ = {isa = PBXBuildFile; fileRef = A380C41327216ED8008E5BC4 /* SceneDelegate.swift */; };
		A380C41927216ED8008E5BC4 /* Main.storyboard in Resources */ = {isa = PBXBuildFile; fileRef = A380C41727216ED8008E5BC4 /* Main.storyboard */; };
		A380C41B27216ED9008E5BC4 /* Assets.xcassets in Resources */ = {isa = PBXBuildFile; fileRef = A380C41A27216ED9008E5BC4 /* Assets.xcassets */; };
		A380C41E27216ED9008E5BC4 /* LaunchScreen.storyboard in Resources */ = {isa = PBXBuildFile; fileRef = A380C41C27216ED9008E5BC4 /* LaunchScreen.storyboard */; };
		A380C42927216EDA008E5BC4 /* GolfMatchingTests.swift in Sources */ = {isa = PBXBuildFile; fileRef = A380C42827216EDA008E5BC4 /* GolfMatchingTests.swift */; };
		A380C43327216EDA008E5BC4 /* GolfMatchingUITests.swift in Sources */ = {isa = PBXBuildFile; fileRef = A380C43227216EDA008E5BC4 /* GolfMatchingUITests.swift */; };
		A380C43527216EDA008E5BC4 /* GolfMatchingUITestsLaunchTests.swift in Sources */ = {isa = PBXBuildFile; fileRef = A380C43427216EDA008E5BC4 /* GolfMatchingUITestsLaunchTests.swift */; };
		A380C44227240D1F008E5BC4 /* HomeViewController.swift in Sources */ = {isa = PBXBuildFile; fileRef = A380C44127240D1F008E5BC4 /* HomeViewController.swift */; };
		A380C44427240DB7008E5BC4 /* MessageViewController.swift in Sources */ = {isa = PBXBuildFile; fileRef = A380C44327240DB7008E5BC4 /* MessageViewController.swift */; };
		A380C44627240DED008E5BC4 /* ProfileViewController.swift in Sources */ = {isa = PBXBuildFile; fileRef = A380C44527240DED008E5BC4 /* ProfileViewController.swift */; };
		A380C4482728586A008E5BC4 /* ProfileEditViewController.swift in Sources */ = {isa = PBXBuildFile; fileRef = A380C4472728586A008E5BC4 /* ProfileEditViewController.swift */; };
		A380C44A2729269F008E5BC4 /* NameEditViewController.swift in Sources */ = {isa = PBXBuildFile; fileRef = A380C4492729269F008E5BC4 /* NameEditViewController.swift */; };
		A3EB8B8C2733C6860020D590 /* GoogleService-Info.plist in Resources */ = {isa = PBXBuildFile; fileRef = A3EB8B8B2733C6860020D590 /* GoogleService-Info.plist */; };
		E1DF725B88A90AAF165C442B /* Pods_GolfMatchingTests.framework in Frameworks */ = {isa = PBXBuildFile; fileRef = 08CBB26F0E7C01CB04030CD4 /* Pods_GolfMatchingTests.framework */; };
/* End PBXBuildFile section */

/* Begin PBXContainerItemProxy section */
		A380C42527216EDA008E5BC4 /* PBXContainerItemProxy */ = {
			isa = PBXContainerItemProxy;
			containerPortal = A380C40627216ED8008E5BC4 /* Project object */;
			proxyType = 1;
			remoteGlobalIDString = A380C40D27216ED8008E5BC4;
			remoteInfo = GolfMatching;
		};
		A380C42F27216EDA008E5BC4 /* PBXContainerItemProxy */ = {
			isa = PBXContainerItemProxy;
			containerPortal = A380C40627216ED8008E5BC4 /* Project object */;
			proxyType = 1;
			remoteGlobalIDString = A380C40D27216ED8008E5BC4;
			remoteInfo = GolfMatching;
		};
/* End PBXContainerItemProxy section */

/* Begin PBXFileReference section */
		02479031DC366A7EB004150A /* Pods-GolfMatching-GolfMatchingUITests.release.xcconfig */ = {isa = PBXFileReference; includeInIndex = 1; lastKnownFileType = text.xcconfig; name = "Pods-GolfMatching-GolfMatchingUITests.release.xcconfig"; path = "Target Support Files/Pods-GolfMatching-GolfMatchingUITests/Pods-GolfMatching-GolfMatchingUITests.release.xcconfig"; sourceTree = "<group>"; };
		08CBB26F0E7C01CB04030CD4 /* Pods_GolfMatchingTests.framework */ = {isa = PBXFileReference; explicitFileType = wrapper.framework; includeInIndex = 0; path = Pods_GolfMatchingTests.framework; sourceTree = BUILT_PRODUCTS_DIR; };
		37BC465C78C9FB9B558205A0 /* Pods-GolfMatching.debug.xcconfig */ = {isa = PBXFileReference; includeInIndex = 1; lastKnownFileType = text.xcconfig; name = "Pods-GolfMatching.debug.xcconfig"; path = "Target Support Files/Pods-GolfMatching/Pods-GolfMatching.debug.xcconfig"; sourceTree = "<group>"; };
		45B37EB1BE1F0DBD46322480 /* Pods-GolfMatching.release.xcconfig */ = {isa = PBXFileReference; includeInIndex = 1; lastKnownFileType = text.xcconfig; name = "Pods-GolfMatching.release.xcconfig"; path = "Target Support Files/Pods-GolfMatching/Pods-GolfMatching.release.xcconfig"; sourceTree = "<group>"; };
		5CC3B970872CC4FBB51A545E /* Pods-GolfMatchingTests.release.xcconfig */ = {isa = PBXFileReference; includeInIndex = 1; lastKnownFileType = text.xcconfig; name = "Pods-GolfMatchingTests.release.xcconfig"; path = "Target Support Files/Pods-GolfMatchingTests/Pods-GolfMatchingTests.release.xcconfig"; sourceTree = "<group>"; };
		7F94BF60D1C05477FB2CE30A /* Pods_GolfMatching.framework */ = {isa = PBXFileReference; explicitFileType = wrapper.framework; includeInIndex = 0; path = Pods_GolfMatching.framework; sourceTree = BUILT_PRODUCTS_DIR; };
		86E70A6EA10F6E3FAA144688 /* Pods-GolfMatchingTests.debug.xcconfig */ = {isa = PBXFileReference; includeInIndex = 1; lastKnownFileType = text.xcconfig; name = "Pods-GolfMatchingTests.debug.xcconfig"; path = "Target Support Files/Pods-GolfMatchingTests/Pods-GolfMatchingTests.debug.xcconfig"; sourceTree = "<group>"; };
		96F0070EAA40CF71B9F2EE65 /* Pods_GolfMatching_GolfMatchingUITests.framework */ = {isa = PBXFileReference; explicitFileType = wrapper.framework; includeInIndex = 0; path = Pods_GolfMatching_GolfMatchingUITests.framework; sourceTree = BUILT_PRODUCTS_DIR; };
		A37A3E3527300D050075EDF5 /* UserData.swift */ = {isa = PBXFileReference; lastKnownFileType = sourcecode.swift; path = UserData.swift; sourceTree = "<group>"; };
		A37A3E3727313A130075EDF5 /* Const.swift */ = {isa = PBXFileReference; lastKnownFileType = sourcecode.swift; path = Const.swift; sourceTree = "<group>"; };
		A37A3E392732A49C0075EDF5 /* UserCollectionViewCell.swift */ = {isa = PBXFileReference; lastKnownFileType = sourcecode.swift; path = UserCollectionViewCell.swift; sourceTree = "<group>"; };
		A380C40E27216ED8008E5BC4 /* GolfMatching.app */ = {isa = PBXFileReference; explicitFileType = wrapper.application; includeInIndex = 0; path = GolfMatching.app; sourceTree = BUILT_PRODUCTS_DIR; };
		A380C41127216ED8008E5BC4 /* AppDelegate.swift */ = {isa = PBXFileReference; lastKnownFileType = sourcecode.swift; path = AppDelegate.swift; sourceTree = "<group>"; };
		A380C41327216ED8008E5BC4 /* SceneDelegate.swift */ = {isa = PBXFileReference; lastKnownFileType = sourcecode.swift; path = SceneDelegate.swift; sourceTree = "<group>"; };
		A380C41827216ED8008E5BC4 /* Base */ = {isa = PBXFileReference; lastKnownFileType = file.storyboard; name = Base; path = Base.lproj/Main.storyboard; sourceTree = "<group>"; };
		A380C41A27216ED9008E5BC4 /* Assets.xcassets */ = {isa = PBXFileReference; lastKnownFileType = folder.assetcatalog; path = Assets.xcassets; sourceTree = "<group>"; };
		A380C41D27216ED9008E5BC4 /* Base */ = {isa = PBXFileReference; lastKnownFileType = file.storyboard; name = Base; path = Base.lproj/LaunchScreen.storyboard; sourceTree = "<group>"; };
		A380C41F27216ED9008E5BC4 /* Info.plist */ = {isa = PBXFileReference; lastKnownFileType = text.plist.xml; path = Info.plist; sourceTree = "<group>"; };
		A380C42427216EDA008E5BC4 /* GolfMatchingTests.xctest */ = {isa = PBXFileReference; explicitFileType = wrapper.cfbundle; includeInIndex = 0; path = GolfMatchingTests.xctest; sourceTree = BUILT_PRODUCTS_DIR; };
		A380C42827216EDA008E5BC4 /* GolfMatchingTests.swift */ = {isa = PBXFileReference; lastKnownFileType = sourcecode.swift; path = GolfMatchingTests.swift; sourceTree = "<group>"; };
		A380C42E27216EDA008E5BC4 /* GolfMatchingUITests.xctest */ = {isa = PBXFileReference; explicitFileType = wrapper.cfbundle; includeInIndex = 0; path = GolfMatchingUITests.xctest; sourceTree = BUILT_PRODUCTS_DIR; };
		A380C43227216EDA008E5BC4 /* GolfMatchingUITests.swift */ = {isa = PBXFileReference; lastKnownFileType = sourcecode.swift; path = GolfMatchingUITests.swift; sourceTree = "<group>"; };
		A380C43427216EDA008E5BC4 /* GolfMatchingUITestsLaunchTests.swift */ = {isa = PBXFileReference; lastKnownFileType = sourcecode.swift; path = GolfMatchingUITestsLaunchTests.swift; sourceTree = "<group>"; };
		A380C44127240D1F008E5BC4 /* HomeViewController.swift */ = {isa = PBXFileReference; lastKnownFileType = sourcecode.swift; path = HomeViewController.swift; sourceTree = "<group>"; };
		A380C44327240DB7008E5BC4 /* MessageViewController.swift */ = {isa = PBXFileReference; lastKnownFileType = sourcecode.swift; path = MessageViewController.swift; sourceTree = "<group>"; };
		A380C44527240DED008E5BC4 /* ProfileViewController.swift */ = {isa = PBXFileReference; lastKnownFileType = sourcecode.swift; path = ProfileViewController.swift; sourceTree = "<group>"; };
		A380C4472728586A008E5BC4 /* ProfileEditViewController.swift */ = {isa = PBXFileReference; lastKnownFileType = sourcecode.swift; path = ProfileEditViewController.swift; sourceTree = "<group>"; };
		A380C4492729269F008E5BC4 /* NameEditViewController.swift */ = {isa = PBXFileReference; lastKnownFileType = sourcecode.swift; path = NameEditViewController.swift; sourceTree = "<group>"; };
		A3EB8B8B2733C6860020D590 /* GoogleService-Info.plist */ = {isa = PBXFileReference; fileEncoding = 4; lastKnownFileType = text.plist.xml; path = "GoogleService-Info.plist"; sourceTree = "<group>"; };
		D6A7539BFB86D7F1B0C5C894 /* Pods-GolfMatching-GolfMatchingUITests.debug.xcconfig */ = {isa = PBXFileReference; includeInIndex = 1; lastKnownFileType = text.xcconfig; name = "Pods-GolfMatching-GolfMatchingUITests.debug.xcconfig"; path = "Target Support Files/Pods-GolfMatching-GolfMatchingUITests/Pods-GolfMatching-GolfMatchingUITests.debug.xcconfig"; sourceTree = "<group>"; };
/* End PBXFileReference section */

/* Begin PBXFrameworksBuildPhase section */
		A380C40B27216ED8008E5BC4 /* Frameworks */ = {
			isa = PBXFrameworksBuildPhase;
			buildActionMask = 2147483647;
			files = (
				4CEFDB71D9AEF847BA009CD3 /* Pods_GolfMatching.framework in Frameworks */,
			);
			runOnlyForDeploymentPostprocessing = 0;
		};
		A380C42127216EDA008E5BC4 /* Frameworks */ = {
			isa = PBXFrameworksBuildPhase;
			buildActionMask = 2147483647;
			files = (
				E1DF725B88A90AAF165C442B /* Pods_GolfMatchingTests.framework in Frameworks */,
			);
			runOnlyForDeploymentPostprocessing = 0;
		};
		A380C42B27216EDA008E5BC4 /* Frameworks */ = {
			isa = PBXFrameworksBuildPhase;
			buildActionMask = 2147483647;
			files = (
				0D46C3B797D9C9A65F5B67D7 /* Pods_GolfMatching_GolfMatchingUITests.framework in Frameworks */,
			);
			runOnlyForDeploymentPostprocessing = 0;
		};
/* End PBXFrameworksBuildPhase section */

/* Begin PBXGroup section */
		72EAFFCA89D75546E1F60F20 /* Frameworks */ = {
			isa = PBXGroup;
			children = (
				7F94BF60D1C05477FB2CE30A /* Pods_GolfMatching.framework */,
				96F0070EAA40CF71B9F2EE65 /* Pods_GolfMatching_GolfMatchingUITests.framework */,
				08CBB26F0E7C01CB04030CD4 /* Pods_GolfMatchingTests.framework */,
			);
			name = Frameworks;
			sourceTree = "<group>";
		};
		A380C40527216ED8008E5BC4 = {
			isa = PBXGroup;
			children = (
				A380C41027216ED8008E5BC4 /* GolfMatching */,
				A380C42727216EDA008E5BC4 /* GolfMatchingTests */,
				A380C43127216EDA008E5BC4 /* GolfMatchingUITests */,
				A380C40F27216ED8008E5BC4 /* Products */,
				C90B74609E7EBF2441A12FFD /* Pods */,
				72EAFFCA89D75546E1F60F20 /* Frameworks */,
			);
			sourceTree = "<group>";
		};
		A380C40F27216ED8008E5BC4 /* Products */ = {
			isa = PBXGroup;
			children = (
				A380C40E27216ED8008E5BC4 /* GolfMatching.app */,
				A380C42427216EDA008E5BC4 /* GolfMatchingTests.xctest */,
				A380C42E27216EDA008E5BC4 /* GolfMatchingUITests.xctest */,
			);
			name = Products;
			sourceTree = "<group>";
		};
		A380C41027216ED8008E5BC4 /* GolfMatching */ = {
			isa = PBXGroup;
			children = (
				A380C41127216ED8008E5BC4 /* AppDelegate.swift */,
				A380C41327216ED8008E5BC4 /* SceneDelegate.swift */,
				A37A3E3727313A130075EDF5 /* Const.swift */,
				A37A3E3527300D050075EDF5 /* UserData.swift */,
				A380C44127240D1F008E5BC4 /* HomeViewController.swift */,
				A37A3E392732A49C0075EDF5 /* UserCollectionViewCell.swift */,
				A380C44327240DB7008E5BC4 /* MessageViewController.swift */,
				A380C44527240DED008E5BC4 /* ProfileViewController.swift */,
				A380C4472728586A008E5BC4 /* ProfileEditViewController.swift */,
				A380C4492729269F008E5BC4 /* NameEditViewController.swift */,
				A380C41727216ED8008E5BC4 /* Main.storyboard */,
				A380C41A27216ED9008E5BC4 /* Assets.xcassets */,
				A380C41C27216ED9008E5BC4 /* LaunchScreen.storyboard */,
				A380C41F27216ED9008E5BC4 /* Info.plist */,
				A3EB8B8B2733C6860020D590 /* GoogleService-Info.plist */,
			);
			path = GolfMatching;
			sourceTree = "<group>";
		};
		A380C42727216EDA008E5BC4 /* GolfMatchingTests */ = {
			isa = PBXGroup;
			children = (
				A380C42827216EDA008E5BC4 /* GolfMatchingTests.swift */,
			);
			path = GolfMatchingTests;
			sourceTree = "<group>";
		};
		A380C43127216EDA008E5BC4 /* GolfMatchingUITests */ = {
			isa = PBXGroup;
			children = (
				A380C43227216EDA008E5BC4 /* GolfMatchingUITests.swift */,
				A380C43427216EDA008E5BC4 /* GolfMatchingUITestsLaunchTests.swift */,
			);
			path = GolfMatchingUITests;
			sourceTree = "<group>";
		};
		C90B74609E7EBF2441A12FFD /* Pods */ = {
			isa = PBXGroup;
			children = (
				37BC465C78C9FB9B558205A0 /* Pods-GolfMatching.debug.xcconfig */,
				45B37EB1BE1F0DBD46322480 /* Pods-GolfMatching.release.xcconfig */,
				D6A7539BFB86D7F1B0C5C894 /* Pods-GolfMatching-GolfMatchingUITests.debug.xcconfig */,
				02479031DC366A7EB004150A /* Pods-GolfMatching-GolfMatchingUITests.release.xcconfig */,
				86E70A6EA10F6E3FAA144688 /* Pods-GolfMatchingTests.debug.xcconfig */,
				5CC3B970872CC4FBB51A545E /* Pods-GolfMatchingTests.release.xcconfig */,
			);
			path = Pods;
			sourceTree = "<group>";
		};
/* End PBXGroup section */

/* Begin PBXNativeTarget section */
		A380C40D27216ED8008E5BC4 /* GolfMatching */ = {
			isa = PBXNativeTarget;
			buildConfigurationList = A380C43827216EDA008E5BC4 /* Build configuration list for PBXNativeTarget "GolfMatching" */;
			buildPhases = (
				D7A42CF057E9F4B72C7ABC97 /* [CP] Check Pods Manifest.lock */,
				A380C40A27216ED8008E5BC4 /* Sources */,
				A380C40B27216ED8008E5BC4 /* Frameworks */,
				A380C40C27216ED8008E5BC4 /* Resources */,
				5C47BFC3BA76BC94F2DDE27B /* [CP] Embed Pods Frameworks */,
			);
			buildRules = (
			);
			dependencies = (
			);
			name = GolfMatching;
			productName = GolfMatching;
			productReference = A380C40E27216ED8008E5BC4 /* GolfMatching.app */;
			productType = "com.apple.product-type.application";
		};
		A380C42327216EDA008E5BC4 /* GolfMatchingTests */ = {
			isa = PBXNativeTarget;
			buildConfigurationList = A380C43B27216EDA008E5BC4 /* Build configuration list for PBXNativeTarget "GolfMatchingTests" */;
			buildPhases = (
				46F0BC270CA7F5D96F9BDD68 /* [CP] Check Pods Manifest.lock */,
				A380C42027216EDA008E5BC4 /* Sources */,
				A380C42127216EDA008E5BC4 /* Frameworks */,
				A380C42227216EDA008E5BC4 /* Resources */,
			);
			buildRules = (
			);
			dependencies = (
				A380C42627216EDA008E5BC4 /* PBXTargetDependency */,
			);
			name = GolfMatchingTests;
			productName = GolfMatchingTests;
			productReference = A380C42427216EDA008E5BC4 /* GolfMatchingTests.xctest */;
			productType = "com.apple.product-type.bundle.unit-test";
		};
		A380C42D27216EDA008E5BC4 /* GolfMatchingUITests */ = {
			isa = PBXNativeTarget;
			buildConfigurationList = A380C43E27216EDA008E5BC4 /* Build configuration list for PBXNativeTarget "GolfMatchingUITests" */;
			buildPhases = (
				DA2F378DA91EEF62BFF1F0C1 /* [CP] Check Pods Manifest.lock */,
				A380C42A27216EDA008E5BC4 /* Sources */,
				A380C42B27216EDA008E5BC4 /* Frameworks */,
				A380C42C27216EDA008E5BC4 /* Resources */,
				24E4553E62F7F9E7B887B77D /* [CP] Embed Pods Frameworks */,
			);
			buildRules = (
			);
			dependencies = (
				A380C43027216EDA008E5BC4 /* PBXTargetDependency */,
			);
			name = GolfMatchingUITests;
			productName = GolfMatchingUITests;
			productReference = A380C42E27216EDA008E5BC4 /* GolfMatchingUITests.xctest */;
			productType = "com.apple.product-type.bundle.ui-testing";
		};
/* End PBXNativeTarget section */

/* Begin PBXProject section */
		A380C40627216ED8008E5BC4 /* Project object */ = {
			isa = PBXProject;
			attributes = {
				BuildIndependentTargetsInParallel = 1;
				LastSwiftUpdateCheck = 1300;
				LastUpgradeCheck = 1300;
				TargetAttributes = {
					A380C40D27216ED8008E5BC4 = {
						CreatedOnToolsVersion = 13.0;
					};
					A380C42327216EDA008E5BC4 = {
						CreatedOnToolsVersion = 13.0;
						TestTargetID = A380C40D27216ED8008E5BC4;
					};
					A380C42D27216EDA008E5BC4 = {
						CreatedOnToolsVersion = 13.0;
						TestTargetID = A380C40D27216ED8008E5BC4;
					};
				};
			};
			buildConfigurationList = A380C40927216ED8008E5BC4 /* Build configuration list for PBXProject "GolfMatching" */;
			compatibilityVersion = "Xcode 13.0";
			developmentRegion = en;
			hasScannedForEncodings = 0;
			knownRegions = (
				en,
				Base,
			);
			mainGroup = A380C40527216ED8008E5BC4;
			productRefGroup = A380C40F27216ED8008E5BC4 /* Products */;
			projectDirPath = "";
			projectRoot = "";
			targets = (
				A380C40D27216ED8008E5BC4 /* GolfMatching */,
				A380C42327216EDA008E5BC4 /* GolfMatchingTests */,
				A380C42D27216EDA008E5BC4 /* GolfMatchingUITests */,
			);
		};
/* End PBXProject section */

/* Begin PBXResourcesBuildPhase section */
		A380C40C27216ED8008E5BC4 /* Resources */ = {
			isa = PBXResourcesBuildPhase;
			buildActionMask = 2147483647;
			files = (
				A380C41E27216ED9008E5BC4 /* LaunchScreen.storyboard in Resources */,
				A3EB8B8C2733C6860020D590 /* GoogleService-Info.plist in Resources */,
				A380C41B27216ED9008E5BC4 /* Assets.xcassets in Resources */,
				A380C41927216ED8008E5BC4 /* Main.storyboard in Resources */,
			);
			runOnlyForDeploymentPostprocessing = 0;
		};
		A380C42227216EDA008E5BC4 /* Resources */ = {
			isa = PBXResourcesBuildPhase;
			buildActionMask = 2147483647;
			files = (
			);
			runOnlyForDeploymentPostprocessing = 0;
		};
		A380C42C27216EDA008E5BC4 /* Resources */ = {
			isa = PBXResourcesBuildPhase;
			buildActionMask = 2147483647;
			files = (
			);
			runOnlyForDeploymentPostprocessing = 0;
		};
/* End PBXResourcesBuildPhase section */

/* Begin PBXShellScriptBuildPhase section */
		24E4553E62F7F9E7B887B77D /* [CP] Embed Pods Frameworks */ = {
			isa = PBXShellScriptBuildPhase;
			buildActionMask = 2147483647;
			files = (
			);
			inputFileListPaths = (
				"${PODS_ROOT}/Target Support Files/Pods-GolfMatching-GolfMatchingUITests/Pods-GolfMatching-GolfMatchingUITests-frameworks-${CONFIGURATION}-input-files.xcfilelist",
			);
			name = "[CP] Embed Pods Frameworks";
			outputFileListPaths = (
				"${PODS_ROOT}/Target Support Files/Pods-GolfMatching-GolfMatchingUITests/Pods-GolfMatching-GolfMatchingUITests-frameworks-${CONFIGURATION}-output-files.xcfilelist",
			);
			runOnlyForDeploymentPostprocessing = 0;
			shellPath = /bin/sh;
			shellScript = "\"${PODS_ROOT}/Target Support Files/Pods-GolfMatching-GolfMatchingUITests/Pods-GolfMatching-GolfMatchingUITests-frameworks.sh\"\n";
			showEnvVarsInLog = 0;
		};
		46F0BC270CA7F5D96F9BDD68 /* [CP] Check Pods Manifest.lock */ = {
			isa = PBXShellScriptBuildPhase;
			buildActionMask = 2147483647;
			files = (
			);
			inputFileListPaths = (
			);
			inputPaths = (
				"${PODS_PODFILE_DIR_PATH}/Podfile.lock",
				"${PODS_ROOT}/Manifest.lock",
			);
			name = "[CP] Check Pods Manifest.lock";
			outputFileListPaths = (
			);
			outputPaths = (
				"$(DERIVED_FILE_DIR)/Pods-GolfMatchingTests-checkManifestLockResult.txt",
			);
			runOnlyForDeploymentPostprocessing = 0;
			shellPath = /bin/sh;
			shellScript = "diff \"${PODS_PODFILE_DIR_PATH}/Podfile.lock\" \"${PODS_ROOT}/Manifest.lock\" > /dev/null\nif [ $? != 0 ] ; then\n    # print error to STDERR\n    echo \"error: The sandbox is not in sync with the Podfile.lock. Run 'pod install' or update your CocoaPods installation.\" >&2\n    exit 1\nfi\n# This output is used by Xcode 'outputs' to avoid re-running this script phase.\necho \"SUCCESS\" > \"${SCRIPT_OUTPUT_FILE_0}\"\n";
			showEnvVarsInLog = 0;
		};
		5C47BFC3BA76BC94F2DDE27B /* [CP] Embed Pods Frameworks */ = {
			isa = PBXShellScriptBuildPhase;
			buildActionMask = 2147483647;
			files = (
			);
			inputFileListPaths = (
				"${PODS_ROOT}/Target Support Files/Pods-GolfMatching/Pods-GolfMatching-frameworks-${CONFIGURATION}-input-files.xcfilelist",
			);
			name = "[CP] Embed Pods Frameworks";
			outputFileListPaths = (
				"${PODS_ROOT}/Target Support Files/Pods-GolfMatching/Pods-GolfMatching-frameworks-${CONFIGURATION}-output-files.xcfilelist",
			);
			runOnlyForDeploymentPostprocessing = 0;
			shellPath = /bin/sh;
			shellScript = "\"${PODS_ROOT}/Target Support Files/Pods-GolfMatching/Pods-GolfMatching-frameworks.sh\"\n";
			showEnvVarsInLog = 0;
		};
		D7A42CF057E9F4B72C7ABC97 /* [CP] Check Pods Manifest.lock */ = {
			isa = PBXShellScriptBuildPhase;
			buildActionMask = 2147483647;
			files = (
			);
			inputFileListPaths = (
			);
			inputPaths = (
				"${PODS_PODFILE_DIR_PATH}/Podfile.lock",
				"${PODS_ROOT}/Manifest.lock",
			);
			name = "[CP] Check Pods Manifest.lock";
			outputFileListPaths = (
			);
			outputPaths = (
				"$(DERIVED_FILE_DIR)/Pods-GolfMatching-checkManifestLockResult.txt",
			);
			runOnlyForDeploymentPostprocessing = 0;
			shellPath = /bin/sh;
			shellScript = "diff \"${PODS_PODFILE_DIR_PATH}/Podfile.lock\" \"${PODS_ROOT}/Manifest.lock\" > /dev/null\nif [ $? != 0 ] ; then\n    # print error to STDERR\n    echo \"error: The sandbox is not in sync with the Podfile.lock. Run 'pod install' or update your CocoaPods installation.\" >&2\n    exit 1\nfi\n# This output is used by Xcode 'outputs' to avoid re-running this script phase.\necho \"SUCCESS\" > \"${SCRIPT_OUTPUT_FILE_0}\"\n";
			showEnvVarsInLog = 0;
		};
		DA2F378DA91EEF62BFF1F0C1 /* [CP] Check Pods Manifest.lock */ = {
			isa = PBXShellScriptBuildPhase;
			buildActionMask = 2147483647;
			files = (
			);
			inputFileListPaths = (
			);
			inputPaths = (
				"${PODS_PODFILE_DIR_PATH}/Podfile.lock",
				"${PODS_ROOT}/Manifest.lock",
			);
			name = "[CP] Check Pods Manifest.lock";
			outputFileListPaths = (
			);
			outputPaths = (
				"$(DERIVED_FILE_DIR)/Pods-GolfMatching-GolfMatchingUITests-checkManifestLockResult.txt",
			);
			runOnlyForDeploymentPostprocessing = 0;
			shellPath = /bin/sh;
			shellScript = "diff \"${PODS_PODFILE_DIR_PATH}/Podfile.lock\" \"${PODS_ROOT}/Manifest.lock\" > /dev/null\nif [ $? != 0 ] ; then\n    # print error to STDERR\n    echo \"error: The sandbox is not in sync with the Podfile.lock. Run 'pod install' or update your CocoaPods installation.\" >&2\n    exit 1\nfi\n# This output is used by Xcode 'outputs' to avoid re-running this script phase.\necho \"SUCCESS\" > \"${SCRIPT_OUTPUT_FILE_0}\"\n";
			showEnvVarsInLog = 0;
		};
/* End PBXShellScriptBuildPhase section */

/* Begin PBXSourcesBuildPhase section */
		A380C40A27216ED8008E5BC4 /* Sources */ = {
			isa = PBXSourcesBuildPhase;
			buildActionMask = 2147483647;
			files = (
				A380C44627240DED008E5BC4 /* ProfileViewController.swift in Sources */,
				A380C41227216ED8008E5BC4 /* AppDelegate.swift in Sources */,
				A37A3E3627300D050075EDF5 /* UserData.swift in Sources */,
				A380C41427216ED8008E5BC4 /* SceneDelegate.swift in Sources */,
				A380C44227240D1F008E5BC4 /* HomeViewController.swift in Sources */,
				A380C44A2729269F008E5BC4 /* NameEditViewController.swift in Sources */,
				A380C4482728586A008E5BC4 /* ProfileEditViewController.swift in Sources */,
				A380C44427240DB7008E5BC4 /* MessageViewController.swift in Sources */,
				A37A3E3827313A130075EDF5 /* Const.swift in Sources */,
				A37A3E3A2732A49C0075EDF5 /* UserCollectionViewCell.swift in Sources */,
			);
			runOnlyForDeploymentPostprocessing = 0;
		};
		A380C42027216EDA008E5BC4 /* Sources */ = {
			isa = PBXSourcesBuildPhase;
			buildActionMask = 2147483647;
			files = (
				A380C42927216EDA008E5BC4 /* GolfMatchingTests.swift in Sources */,
			);
			runOnlyForDeploymentPostprocessing = 0;
		};
		A380C42A27216EDA008E5BC4 /* Sources */ = {
			isa = PBXSourcesBuildPhase;
			buildActionMask = 2147483647;
			files = (
				A380C43327216EDA008E5BC4 /* GolfMatchingUITests.swift in Sources */,
				A380C43527216EDA008E5BC4 /* GolfMatchingUITestsLaunchTests.swift in Sources */,
			);
			runOnlyForDeploymentPostprocessing = 0;
		};
/* End PBXSourcesBuildPhase section */

/* Begin PBXTargetDependency section */
		A380C42627216EDA008E5BC4 /* PBXTargetDependency */ = {
			isa = PBXTargetDependency;
			target = A380C40D27216ED8008E5BC4 /* GolfMatching */;
			targetProxy = A380C42527216EDA008E5BC4 /* PBXContainerItemProxy */;
		};
		A380C43027216EDA008E5BC4 /* PBXTargetDependency */ = {
			isa = PBXTargetDependency;
			target = A380C40D27216ED8008E5BC4 /* GolfMatching */;
			targetProxy = A380C42F27216EDA008E5BC4 /* PBXContainerItemProxy */;
		};
/* End PBXTargetDependency section */

/* Begin PBXVariantGroup section */
		A380C41727216ED8008E5BC4 /* Main.storyboard */ = {
			isa = PBXVariantGroup;
			children = (
				A380C41827216ED8008E5BC4 /* Base */,
			);
			name = Main.storyboard;
			sourceTree = "<group>";
		};
		A380C41C27216ED9008E5BC4 /* LaunchScreen.storyboard */ = {
			isa = PBXVariantGroup;
			children = (
				A380C41D27216ED9008E5BC4 /* Base */,
			);
			name = LaunchScreen.storyboard;
			sourceTree = "<group>";
		};
/* End PBXVariantGroup section */

/* Begin XCBuildConfiguration section */
		A380C43627216EDA008E5BC4 /* Debug */ = {
			isa = XCBuildConfiguration;
			buildSettings = {
				ALWAYS_SEARCH_USER_PATHS = NO;
				CLANG_ANALYZER_NONNULL = YES;
				CLANG_ANALYZER_NUMBER_OBJECT_CONVERSION = YES_AGGRESSIVE;
				CLANG_CXX_LANGUAGE_STANDARD = "gnu++17";
				CLANG_CXX_LIBRARY = "libc++";
				CLANG_ENABLE_MODULES = YES;
				CLANG_ENABLE_OBJC_ARC = YES;
				CLANG_ENABLE_OBJC_WEAK = YES;
				CLANG_WARN_BLOCK_CAPTURE_AUTORELEASING = YES;
				CLANG_WARN_BOOL_CONVERSION = YES;
				CLANG_WARN_COMMA = YES;
				CLANG_WARN_CONSTANT_CONVERSION = YES;
				CLANG_WARN_DEPRECATED_OBJC_IMPLEMENTATIONS = YES;
				CLANG_WARN_DIRECT_OBJC_ISA_USAGE = YES_ERROR;
				CLANG_WARN_DOCUMENTATION_COMMENTS = YES;
				CLANG_WARN_EMPTY_BODY = YES;
				CLANG_WARN_ENUM_CONVERSION = YES;
				CLANG_WARN_INFINITE_RECURSION = YES;
				CLANG_WARN_INT_CONVERSION = YES;
				CLANG_WARN_NON_LITERAL_NULL_CONVERSION = YES;
				CLANG_WARN_OBJC_IMPLICIT_RETAIN_SELF = YES;
				CLANG_WARN_OBJC_LITERAL_CONVERSION = YES;
				CLANG_WARN_OBJC_ROOT_CLASS = YES_ERROR;
				CLANG_WARN_QUOTED_INCLUDE_IN_FRAMEWORK_HEADER = YES;
				CLANG_WARN_RANGE_LOOP_ANALYSIS = YES;
				CLANG_WARN_STRICT_PROTOTYPES = YES;
				CLANG_WARN_SUSPICIOUS_MOVE = YES;
				CLANG_WARN_UNGUARDED_AVAILABILITY = YES_AGGRESSIVE;
				CLANG_WARN_UNREACHABLE_CODE = YES;
				CLANG_WARN__DUPLICATE_METHOD_MATCH = YES;
				COPY_PHASE_STRIP = NO;
				DEBUG_INFORMATION_FORMAT = dwarf;
				ENABLE_STRICT_OBJC_MSGSEND = YES;
				ENABLE_TESTABILITY = YES;
				GCC_C_LANGUAGE_STANDARD = gnu11;
				GCC_DYNAMIC_NO_PIC = NO;
				GCC_NO_COMMON_BLOCKS = YES;
				GCC_OPTIMIZATION_LEVEL = 0;
				GCC_PREPROCESSOR_DEFINITIONS = (
					"DEBUG=1",
					"$(inherited)",
				);
				GCC_WARN_64_TO_32_BIT_CONVERSION = YES;
				GCC_WARN_ABOUT_RETURN_TYPE = YES_ERROR;
				GCC_WARN_UNDECLARED_SELECTOR = YES;
				GCC_WARN_UNINITIALIZED_AUTOS = YES_AGGRESSIVE;
				GCC_WARN_UNUSED_FUNCTION = YES;
				GCC_WARN_UNUSED_VARIABLE = YES;
				IPHONEOS_DEPLOYMENT_TARGET = 15.0;
				MTL_ENABLE_DEBUG_INFO = INCLUDE_SOURCE;
				MTL_FAST_MATH = YES;
				ONLY_ACTIVE_ARCH = YES;
				SDKROOT = iphoneos;
				SWIFT_ACTIVE_COMPILATION_CONDITIONS = DEBUG;
				SWIFT_OPTIMIZATION_LEVEL = "-Onone";
			};
			name = Debug;
		};
		A380C43727216EDA008E5BC4 /* Release */ = {
			isa = XCBuildConfiguration;
			buildSettings = {
				ALWAYS_SEARCH_USER_PATHS = NO;
				CLANG_ANALYZER_NONNULL = YES;
				CLANG_ANALYZER_NUMBER_OBJECT_CONVERSION = YES_AGGRESSIVE;
				CLANG_CXX_LANGUAGE_STANDARD = "gnu++17";
				CLANG_CXX_LIBRARY = "libc++";
				CLANG_ENABLE_MODULES = YES;
				CLANG_ENABLE_OBJC_ARC = YES;
				CLANG_ENABLE_OBJC_WEAK = YES;
				CLANG_WARN_BLOCK_CAPTURE_AUTORELEASING = YES;
				CLANG_WARN_BOOL_CONVERSION = YES;
				CLANG_WARN_COMMA = YES;
				CLANG_WARN_CONSTANT_CONVERSION = YES;
				CLANG_WARN_DEPRECATED_OBJC_IMPLEMENTATIONS = YES;
				CLANG_WARN_DIRECT_OBJC_ISA_USAGE = YES_ERROR;
				CLANG_WARN_DOCUMENTATION_COMMENTS = YES;
				CLANG_WARN_EMPTY_BODY = YES;
				CLANG_WARN_ENUM_CONVERSION = YES;
				CLANG_WARN_INFINITE_RECURSION = YES;
				CLANG_WARN_INT_CONVERSION = YES;
				CLANG_WARN_NON_LITERAL_NULL_CONVERSION = YES;
				CLANG_WARN_OBJC_IMPLICIT_RETAIN_SELF = YES;
				CLANG_WARN_OBJC_LITERAL_CONVERSION = YES;
				CLANG_WARN_OBJC_ROOT_CLASS = YES_ERROR;
				CLANG_WARN_QUOTED_INCLUDE_IN_FRAMEWORK_HEADER = YES;
				CLANG_WARN_RANGE_LOOP_ANALYSIS = YES;
				CLANG_WARN_STRICT_PROTOTYPES = YES;
				CLANG_WARN_SUSPICIOUS_MOVE = YES;
				CLANG_WARN_UNGUARDED_AVAILABILITY = YES_AGGRESSIVE;
				CLANG_WARN_UNREACHABLE_CODE = YES;
				CLANG_WARN__DUPLICATE_METHOD_MATCH = YES;
				COPY_PHASE_STRIP = NO;
				DEBUG_INFORMATION_FORMAT = "dwarf-with-dsym";
				ENABLE_NS_ASSERTIONS = NO;
				ENABLE_STRICT_OBJC_MSGSEND = YES;
				GCC_C_LANGUAGE_STANDARD = gnu11;
				GCC_NO_COMMON_BLOCKS = YES;
				GCC_WARN_64_TO_32_BIT_CONVERSION = YES;
				GCC_WARN_ABOUT_RETURN_TYPE = YES_ERROR;
				GCC_WARN_UNDECLARED_SELECTOR = YES;
				GCC_WARN_UNINITIALIZED_AUTOS = YES_AGGRESSIVE;
				GCC_WARN_UNUSED_FUNCTION = YES;
				GCC_WARN_UNUSED_VARIABLE = YES;
				IPHONEOS_DEPLOYMENT_TARGET = 15.0;
				MTL_ENABLE_DEBUG_INFO = NO;
				MTL_FAST_MATH = YES;
				SDKROOT = iphoneos;
				SWIFT_COMPILATION_MODE = wholemodule;
				SWIFT_OPTIMIZATION_LEVEL = "-O";
				VALIDATE_PRODUCT = YES;
			};
			name = Release;
		};
		A380C43927216EDA008E5BC4 /* Debug */ = {
			isa = XCBuildConfiguration;
			baseConfigurationReference = 37BC465C78C9FB9B558205A0 /* Pods-GolfMatching.debug.xcconfig */;
			buildSettings = {
				ASSETCATALOG_COMPILER_APPICON_NAME = AppIcon;
				ASSETCATALOG_COMPILER_GLOBAL_ACCENT_COLOR_NAME = AccentColor;
				CODE_SIGN_STYLE = Automatic;
				CURRENT_PROJECT_VERSION = 1;
				DEVELOPMENT_TEAM = 9J9FWPQU5K;
				GENERATE_INFOPLIST_FILE = YES;
				INFOPLIST_FILE = GolfMatching/Info.plist;
				INFOPLIST_KEY_UIApplicationSupportsIndirectInputEvents = YES;
				INFOPLIST_KEY_UILaunchStoryboardName = LaunchScreen;
				INFOPLIST_KEY_UIMainStoryboardFile = Main;
				INFOPLIST_KEY_UISupportedInterfaceOrientations_iPad = "UIInterfaceOrientationPortrait UIInterfaceOrientationPortraitUpsideDown UIInterfaceOrientationLandscapeLeft UIInterfaceOrientationLandscapeRight";
				INFOPLIST_KEY_UISupportedInterfaceOrientations_iPhone = "UIInterfaceOrientationPortrait UIInterfaceOrientationLandscapeLeft UIInterfaceOrientationLandscapeRight";
				LD_RUNPATH_SEARCH_PATHS = (
					"$(inherited)",
					"@executable_path/Frameworks",
				);
				MARKETING_VERSION = 1.0;
				PRODUCT_BUNDLE_IDENTIFIER = jp.techacademy.kaisei.iwata.GolfMatching;
				PRODUCT_NAME = "$(TARGET_NAME)";
				SWIFT_EMIT_LOC_STRINGS = YES;
				SWIFT_VERSION = 5.0;
				TARGETED_DEVICE_FAMILY = "1,2";
			};
			name = Debug;
		};
		A380C43A27216EDA008E5BC4 /* Release */ = {
			isa = XCBuildConfiguration;
			baseConfigurationReference = 45B37EB1BE1F0DBD46322480 /* Pods-GolfMatching.release.xcconfig */;
			buildSettings = {
				ASSETCATALOG_COMPILER_APPICON_NAME = AppIcon;
				ASSETCATALOG_COMPILER_GLOBAL_ACCENT_COLOR_NAME = AccentColor;
				CODE_SIGN_STYLE = Automatic;
				CURRENT_PROJECT_VERSION = 1;
				DEVELOPMENT_TEAM = 9J9FWPQU5K;
				GENERATE_INFOPLIST_FILE = YES;
				INFOPLIST_FILE = GolfMatching/Info.plist;
				INFOPLIST_KEY_UIApplicationSupportsIndirectInputEvents = YES;
				INFOPLIST_KEY_UILaunchStoryboardName = LaunchScreen;
				INFOPLIST_KEY_UIMainStoryboardFile = Main;
				INFOPLIST_KEY_UISupportedInterfaceOrientations_iPad = "UIInterfaceOrientationPortrait UIInterfaceOrientationPortraitUpsideDown UIInterfaceOrientationLandscapeLeft UIInterfaceOrientationLandscapeRight";
				INFOPLIST_KEY_UISupportedInterfaceOrientations_iPhone = "UIInterfaceOrientationPortrait UIInterfaceOrientationLandscapeLeft UIInterfaceOrientationLandscapeRight";
				LD_RUNPATH_SEARCH_PATHS = (
					"$(inherited)",
					"@executable_path/Frameworks",
				);
				MARKETING_VERSION = 1.0;
				PRODUCT_BUNDLE_IDENTIFIER = jp.techacademy.kaisei.iwata.GolfMatching;
				PRODUCT_NAME = "$(TARGET_NAME)";
				SWIFT_EMIT_LOC_STRINGS = YES;
				SWIFT_VERSION = 5.0;
				TARGETED_DEVICE_FAMILY = "1,2";
			};
			name = Release;
		};
		A380C43C27216EDA008E5BC4 /* Debug */ = {
			isa = XCBuildConfiguration;
			baseConfigurationReference = 86E70A6EA10F6E3FAA144688 /* Pods-GolfMatchingTests.debug.xcconfig */;
			buildSettings = {
				ALWAYS_EMBED_SWIFT_STANDARD_LIBRARIES = YES;
				BUNDLE_LOADER = "$(TEST_HOST)";
				CODE_SIGN_STYLE = Automatic;
				CURRENT_PROJECT_VERSION = 1;
				DEVELOPMENT_TEAM = 9J9FWPQU5K;
				GENERATE_INFOPLIST_FILE = YES;
				IPHONEOS_DEPLOYMENT_TARGET = 15.0;
				LD_RUNPATH_SEARCH_PATHS = (
					"$(inherited)",
					"@executable_path/Frameworks",
					"@loader_path/Frameworks",
				);
				MARKETING_VERSION = 1.0;
				PRODUCT_BUNDLE_IDENTIFIER = jp.techacademy.kaisei.iwata.GolfMatchingTests;
				PRODUCT_NAME = "$(TARGET_NAME)";
				SWIFT_EMIT_LOC_STRINGS = NO;
				SWIFT_VERSION = 5.0;
				TARGETED_DEVICE_FAMILY = "1,2";
				TEST_HOST = "$(BUILT_PRODUCTS_DIR)/GolfMatching.app/GolfMatching";
			};
			name = Debug;
		};
		A380C43D27216EDA008E5BC4 /* Release */ = {
			isa = XCBuildConfiguration;
			baseConfigurationReference = 5CC3B970872CC4FBB51A545E /* Pods-GolfMatchingTests.release.xcconfig */;
			buildSettings = {
				ALWAYS_EMBED_SWIFT_STANDARD_LIBRARIES = YES;
				BUNDLE_LOADER = "$(TEST_HOST)";
				CODE_SIGN_STYLE = Automatic;
				CURRENT_PROJECT_VERSION = 1;
				DEVELOPMENT_TEAM = 9J9FWPQU5K;
				GENERATE_INFOPLIST_FILE = YES;
				IPHONEOS_DEPLOYMENT_TARGET = 15.0;
				LD_RUNPATH_SEARCH_PATHS = (
					"$(inherited)",
					"@executable_path/Frameworks",
					"@loader_path/Frameworks",
				);
				MARKETING_VERSION = 1.0;
				PRODUCT_BUNDLE_IDENTIFIER = jp.techacademy.kaisei.iwata.GolfMatchingTests;
				PRODUCT_NAME = "$(TARGET_NAME)";
				SWIFT_EMIT_LOC_STRINGS = NO;
				SWIFT_VERSION = 5.0;
				TARGETED_DEVICE_FAMILY = "1,2";
				TEST_HOST = "$(BUILT_PRODUCTS_DIR)/GolfMatching.app/GolfMatching";
			};
			name = Release;
		};
		A380C43F27216EDA008E5BC4 /* Debug */ = {
			isa = XCBuildConfiguration;
			baseConfigurationReference = D6A7539BFB86D7F1B0C5C894 /* Pods-GolfMatching-GolfMatchingUITests.debug.xcconfig */;
			buildSettings = {
				ALWAYS_EMBED_SWIFT_STANDARD_LIBRARIES = YES;
				CODE_SIGN_STYLE = Automatic;
				CURRENT_PROJECT_VERSION = 1;
				DEVELOPMENT_TEAM = 9J9FWPQU5K;
				GENERATE_INFOPLIST_FILE = YES;
				LD_RUNPATH_SEARCH_PATHS = (
					"$(inherited)",
					"@executable_path/Frameworks",
					"@loader_path/Frameworks",
				);
				MARKETING_VERSION = 1.0;
				PRODUCT_BUNDLE_IDENTIFIER = jp.techacademy.kaisei.iwata.GolfMatchingUITests;
				PRODUCT_NAME = "$(TARGET_NAME)";
				SWIFT_EMIT_LOC_STRINGS = NO;
				SWIFT_VERSION = 5.0;
				TARGETED_DEVICE_FAMILY = "1,2";
				TEST_TARGET_NAME = GolfMatching;
			};
			name = Debug;
		};
		A380C44027216EDA008E5BC4 /* Release */ = {
			isa = XCBuildConfiguration;
			baseConfigurationReference = 02479031DC366A7EB004150A /* Pods-GolfMatching-GolfMatchingUITests.release.xcconfig */;
			buildSettings = {
				ALWAYS_EMBED_SWIFT_STANDARD_LIBRARIES = YES;
				CODE_SIGN_STYLE = Automatic;
				CURRENT_PROJECT_VERSION = 1;
				DEVELOPMENT_TEAM = 9J9FWPQU5K;
				GENERATE_INFOPLIST_FILE = YES;
				LD_RUNPATH_SEARCH_PATHS = (
					"$(inherited)",
					"@executable_path/Frameworks",
					"@loader_path/Frameworks",
				);
				MARKETING_VERSION = 1.0;
				PRODUCT_BUNDLE_IDENTIFIER = jp.techacademy.kaisei.iwata.GolfMatchingUITests;
				PRODUCT_NAME = "$(TARGET_NAME)";
				SWIFT_EMIT_LOC_STRINGS = NO;
				SWIFT_VERSION = 5.0;
				TARGETED_DEVICE_FAMILY = "1,2";
				TEST_TARGET_NAME = GolfMatching;
			};
			name = Release;
		};
/* End XCBuildConfiguration section */

/* Begin XCConfigurationList section */
		A380C40927216ED8008E5BC4 /* Build configuration list for PBXProject "GolfMatching" */ = {
			isa = XCConfigurationList;
			buildConfigurations = (
				A380C43627216EDA008E5BC4 /* Debug */,
				A380C43727216EDA008E5BC4 /* Release */,
			);
			defaultConfigurationIsVisible = 0;
			defaultConfigurationName = Release;
		};
		A380C43827216EDA008E5BC4 /* Build configuration list for PBXNativeTarget "GolfMatching" */ = {
			isa = XCConfigurationList;
			buildConfigurations = (
				A380C43927216EDA008E5BC4 /* Debug */,
				A380C43A27216EDA008E5BC4 /* Release */,
			);
			defaultConfigurationIsVisible = 0;
			defaultConfigurationName = Release;
		};
		A380C43B27216EDA008E5BC4 /* Build configuration list for PBXNativeTarget "GolfMatchingTests" */ = {
			isa = XCConfigurationList;
			buildConfigurations = (
				A380C43C27216EDA008E5BC4 /* Debug */,
				A380C43D27216EDA008E5BC4 /* Release */,
			);
			defaultConfigurationIsVisible = 0;
			defaultConfigurationName = Release;
		};
		A380C43E27216EDA008E5BC4 /* Build configuration list for PBXNativeTarget "GolfMatchingUITests" */ = {
			isa = XCConfigurationList;
			buildConfigurations = (
				A380C43F27216EDA008E5BC4 /* Debug */,
				A380C44027216EDA008E5BC4 /* Release */,
			);
			defaultConfigurationIsVisible = 0;
			defaultConfigurationName = Release;
		};
/* End XCConfigurationList section */
	};
	rootObject = A380C40627216ED8008E5BC4 /* Project object */;
}
